// !$*UTF8*$!
{
	archiveVersion = 1;
	classes = {
	};
	objectVersion = 51;
	objects = {

/* Begin PBXBuildFile section */
		2C3DCB3C23C2119E00B52607 /* ABListCoordinatorAssembly.swift in Sources */ = {isa = PBXBuildFile; fileRef = 2C3DCB3B23C2119E00B52607 /* ABListCoordinatorAssembly.swift */; };
		2C3DCB3E23C2131600B52607 /* ABListCoordinatorsFactory.swift in Sources */ = {isa = PBXBuildFile; fileRef = 2C3DCB3D23C2131600B52607 /* ABListCoordinatorsFactory.swift */; };
		2C3DCB4023C217FA00B52607 /* ABListModuleViewModel.swift in Sources */ = {isa = PBXBuildFile; fileRef = 2C3DCB3F23C217FA00B52607 /* ABListModuleViewModel.swift */; };
		2C3DCB4223C2180F00B52607 /* ABListModuleViewModelProtocol.swift in Sources */ = {isa = PBXBuildFile; fileRef = 2C3DCB4123C2180F00B52607 /* ABListModuleViewModelProtocol.swift */; };
		2CB1D0F223BA483B00755886 /* AppDelegate.swift in Sources */ = {isa = PBXBuildFile; fileRef = 2CB1D0F123BA483B00755886 /* AppDelegate.swift */; };
		2CB1D0FA23BA483B00755886 /* ISDKTest.xcdatamodeld in Sources */ = {isa = PBXBuildFile; fileRef = 2CB1D0F823BA483B00755886 /* ISDKTest.xcdatamodeld */; };
		2CB1D0FC23BA483D00755886 /* Assets.xcassets in Resources */ = {isa = PBXBuildFile; fileRef = 2CB1D0FB23BA483D00755886 /* Assets.xcassets */; };
		2CB1D10A23BA483D00755886 /* ISDKTestTests.swift in Sources */ = {isa = PBXBuildFile; fileRef = 2CB1D10923BA483D00755886 /* ISDKTestTests.swift */; };
		2CC7061123BA4FF800921919 /* Router.swift in Sources */ = {isa = PBXBuildFile; fileRef = 2CC7061023BA4FF800921919 /* Router.swift */; };
		2CC7061323BA501A00921919 /* RouterProtocol.swift in Sources */ = {isa = PBXBuildFile; fileRef = 2CC7061223BA501A00921919 /* RouterProtocol.swift */; };
		2CC7061523BA504A00921919 /* Coordinator.swift in Sources */ = {isa = PBXBuildFile; fileRef = 2CC7061423BA504A00921919 /* Coordinator.swift */; };
		2CC7061723BA507300921919 /* CoordinatorProtocol.swift in Sources */ = {isa = PBXBuildFile; fileRef = 2CC7061623BA507300921919 /* CoordinatorProtocol.swift */; };
		2CC7061923BA509F00921919 /* Presentable.swift in Sources */ = {isa = PBXBuildFile; fileRef = 2CC7061823BA509F00921919 /* Presentable.swift */; };
		2CC7061C23BA5BB800921919 /* Module.swift in Sources */ = {isa = PBXBuildFile; fileRef = 2CC7061B23BA5BB800921919 /* Module.swift */; };
		2CC7062023BA636700921919 /* AppCoordinator.swift in Sources */ = {isa = PBXBuildFile; fileRef = 2CC7061F23BA636700921919 /* AppCoordinator.swift */; };
		2CC7062223BA644C00921919 /* AppCoordinatorsFactory.swift in Sources */ = {isa = PBXBuildFile; fileRef = 2CC7062123BA644C00921919 /* AppCoordinatorsFactory.swift */; };
		2CC7062523BA66AB00921919 /* AppCoordinatorProtocol.swift in Sources */ = {isa = PBXBuildFile; fileRef = 2CC7062423BA66AB00921919 /* AppCoordinatorProtocol.swift */; };
		2CC7062823BA670500921919 /* AppCoordinatorsFactoryProtocol.swift in Sources */ = {isa = PBXBuildFile; fileRef = 2CC7062723BA670500921919 /* AppCoordinatorsFactoryProtocol.swift */; };
		2CC7062E23BA67A800921919 /* ABListCoordinatorsFactoryProtocol.swift in Sources */ = {isa = PBXBuildFile; fileRef = 2CC7062D23BA67A800921919 /* ABListCoordinatorsFactoryProtocol.swift */; };
		2CC7063023BA67C500921919 /* ABListModulesFactoryProtocol.swift in Sources */ = {isa = PBXBuildFile; fileRef = 2CC7062F23BA67C500921919 /* ABListModulesFactoryProtocol.swift */; };
		2CC7063223BA682E00921919 /* ABListCoordinatorProtocol.swift in Sources */ = {isa = PBXBuildFile; fileRef = 2CC7063123BA682E00921919 /* ABListCoordinatorProtocol.swift */; };
		2CC7063423BA683B00921919 /* ABListCoordinator.swift in Sources */ = {isa = PBXBuildFile; fileRef = 2CC7063323BA683B00921919 /* ABListCoordinator.swift */; };
		2CC7063723BA6ADE00921919 /* ABListModule.swift in Sources */ = {isa = PBXBuildFile; fileRef = 2CC7063623BA6ADE00921919 /* ABListModule.swift */; };
		2CC7063923BA6B8000921919 /* ABListModulesFactory.swift in Sources */ = {isa = PBXBuildFile; fileRef = 2CC7063823BA6B8000921919 /* ABListModulesFactory.swift */; };
		2CC7063B23BA6CC500921919 /* ABListModuleBoundaries.swift in Sources */ = {isa = PBXBuildFile; fileRef = 2CC7063A23BA6CC500921919 /* ABListModuleBoundaries.swift */; };
		2CC7063D23BA6DC400921919 /* AppAssembly.swift in Sources */ = {isa = PBXBuildFile; fileRef = 2CC7063C23BA6DC400921919 /* AppAssembly.swift */; };
		2CC7064123BA6E0900921919 /* AppCoordinatorAssembly.swift in Sources */ = {isa = PBXBuildFile; fileRef = 2CC7064023BA6E0900921919 /* AppCoordinatorAssembly.swift */; };
		2CC7064323BA6FAB00921919 /* ABListModuleViewController.swift in Sources */ = {isa = PBXBuildFile; fileRef = 2CC7064223BA6FAB00921919 /* ABListModuleViewController.swift */; };
		2CC7064823BA702500921919 /* ABListModuleView.swift in Sources */ = {isa = PBXBuildFile; fileRef = 2CC7064723BA702500921919 /* ABListModuleView.swift */; };
		2CC7064A23BA70C800921919 /* ABListModuleAssembly.swift in Sources */ = {isa = PBXBuildFile; fileRef = 2CC7064923BA70C800921919 /* ABListModuleAssembly.swift */; };
		2CC7064C23BA722800921919 /* LaunchScreen.storyboard in Resources */ = {isa = PBXBuildFile; fileRef = 2CC7064B23BA722800921919 /* LaunchScreen.storyboard */; };
		C49EAD34E68BCC88722CC7B6 /* Pods_ISDKTest.framework in Frameworks */ = {isa = PBXBuildFile; fileRef = 8513C128663A523EC661085B /* Pods_ISDKTest.framework */; };
/* End PBXBuildFile section */

/* Begin PBXContainerItemProxy section */
		2CB1D10623BA483D00755886 /* PBXContainerItemProxy */ = {
			isa = PBXContainerItemProxy;
			containerPortal = 2CB1D0E623BA483B00755886 /* Project object */;
			proxyType = 1;
			remoteGlobalIDString = 2CB1D0ED23BA483B00755886;
			remoteInfo = ISDKTest;
		};
/* End PBXContainerItemProxy section */

/* Begin PBXFileReference section */
		2C3DCB3B23C2119E00B52607 /* ABListCoordinatorAssembly.swift */ = {isa = PBXFileReference; lastKnownFileType = sourcecode.swift; path = ABListCoordinatorAssembly.swift; sourceTree = "<group>"; };
		2C3DCB3D23C2131600B52607 /* ABListCoordinatorsFactory.swift */ = {isa = PBXFileReference; lastKnownFileType = sourcecode.swift; path = ABListCoordinatorsFactory.swift; sourceTree = "<group>"; };
		2C3DCB3F23C217FA00B52607 /* ABListModuleViewModel.swift */ = {isa = PBXFileReference; lastKnownFileType = sourcecode.swift; path = ABListModuleViewModel.swift; sourceTree = "<group>"; };
		2C3DCB4123C2180F00B52607 /* ABListModuleViewModelProtocol.swift */ = {isa = PBXFileReference; lastKnownFileType = sourcecode.swift; path = ABListModuleViewModelProtocol.swift; sourceTree = "<group>"; };
		2CB1D0EE23BA483B00755886 /* ISDKTest.app */ = {isa = PBXFileReference; explicitFileType = wrapper.application; includeInIndex = 0; path = ISDKTest.app; sourceTree = BUILT_PRODUCTS_DIR; };
		2CB1D0F123BA483B00755886 /* AppDelegate.swift */ = {isa = PBXFileReference; lastKnownFileType = sourcecode.swift; path = AppDelegate.swift; sourceTree = "<group>"; };
		2CB1D0F923BA483B00755886 /* ISDKTest.xcdatamodel */ = {isa = PBXFileReference; lastKnownFileType = wrapper.xcdatamodel; path = ISDKTest.xcdatamodel; sourceTree = "<group>"; };
		2CB1D0FB23BA483D00755886 /* Assets.xcassets */ = {isa = PBXFileReference; lastKnownFileType = folder.assetcatalog; path = Assets.xcassets; sourceTree = "<group>"; };
		2CB1D10023BA483D00755886 /* Info.plist */ = {isa = PBXFileReference; lastKnownFileType = text.plist.xml; path = Info.plist; sourceTree = "<group>"; };
		2CB1D10523BA483D00755886 /* ISDKTestTests.xctest */ = {isa = PBXFileReference; explicitFileType = wrapper.cfbundle; includeInIndex = 0; path = ISDKTestTests.xctest; sourceTree = BUILT_PRODUCTS_DIR; };
		2CB1D10923BA483D00755886 /* ISDKTestTests.swift */ = {isa = PBXFileReference; lastKnownFileType = sourcecode.swift; path = ISDKTestTests.swift; sourceTree = "<group>"; };
		2CB1D10B23BA483D00755886 /* Info.plist */ = {isa = PBXFileReference; lastKnownFileType = text.plist.xml; path = Info.plist; sourceTree = "<group>"; };
		2CC7061023BA4FF800921919 /* Router.swift */ = {isa = PBXFileReference; lastKnownFileType = sourcecode.swift; path = Router.swift; sourceTree = "<group>"; };
		2CC7061223BA501A00921919 /* RouterProtocol.swift */ = {isa = PBXFileReference; lastKnownFileType = sourcecode.swift; path = RouterProtocol.swift; sourceTree = "<group>"; };
		2CC7061423BA504A00921919 /* Coordinator.swift */ = {isa = PBXFileReference; lastKnownFileType = sourcecode.swift; path = Coordinator.swift; sourceTree = "<group>"; };
		2CC7061623BA507300921919 /* CoordinatorProtocol.swift */ = {isa = PBXFileReference; lastKnownFileType = sourcecode.swift; path = CoordinatorProtocol.swift; sourceTree = "<group>"; };
		2CC7061823BA509F00921919 /* Presentable.swift */ = {isa = PBXFileReference; lastKnownFileType = sourcecode.swift; path = Presentable.swift; sourceTree = "<group>"; };
		2CC7061B23BA5BB800921919 /* Module.swift */ = {isa = PBXFileReference; lastKnownFileType = sourcecode.swift; path = Module.swift; sourceTree = "<group>"; };
		2CC7061F23BA636700921919 /* AppCoordinator.swift */ = {isa = PBXFileReference; lastKnownFileType = sourcecode.swift; path = AppCoordinator.swift; sourceTree = "<group>"; };
		2CC7062123BA644C00921919 /* AppCoordinatorsFactory.swift */ = {isa = PBXFileReference; lastKnownFileType = sourcecode.swift; path = AppCoordinatorsFactory.swift; sourceTree = "<group>"; };
		2CC7062423BA66AB00921919 /* AppCoordinatorProtocol.swift */ = {isa = PBXFileReference; lastKnownFileType = sourcecode.swift; path = AppCoordinatorProtocol.swift; sourceTree = "<group>"; };
		2CC7062723BA670500921919 /* AppCoordinatorsFactoryProtocol.swift */ = {isa = PBXFileReference; lastKnownFileType = sourcecode.swift; path = AppCoordinatorsFactoryProtocol.swift; sourceTree = "<group>"; };
		2CC7062D23BA67A800921919 /* ABListCoordinatorsFactoryProtocol.swift */ = {isa = PBXFileReference; lastKnownFileType = sourcecode.swift; path = ABListCoordinatorsFactoryProtocol.swift; sourceTree = "<group>"; };
		2CC7062F23BA67C500921919 /* ABListModulesFactoryProtocol.swift */ = {isa = PBXFileReference; lastKnownFileType = sourcecode.swift; path = ABListModulesFactoryProtocol.swift; sourceTree = "<group>"; };
		2CC7063123BA682E00921919 /* ABListCoordinatorProtocol.swift */ = {isa = PBXFileReference; lastKnownFileType = sourcecode.swift; path = ABListCoordinatorProtocol.swift; sourceTree = "<group>"; };
		2CC7063323BA683B00921919 /* ABListCoordinator.swift */ = {isa = PBXFileReference; lastKnownFileType = sourcecode.swift; path = ABListCoordinator.swift; sourceTree = "<group>"; };
		2CC7063623BA6ADE00921919 /* ABListModule.swift */ = {isa = PBXFileReference; lastKnownFileType = sourcecode.swift; path = ABListModule.swift; sourceTree = "<group>"; };
		2CC7063823BA6B8000921919 /* ABListModulesFactory.swift */ = {isa = PBXFileReference; lastKnownFileType = sourcecode.swift; path = ABListModulesFactory.swift; sourceTree = "<group>"; };
		2CC7063A23BA6CC500921919 /* ABListModuleBoundaries.swift */ = {isa = PBXFileReference; lastKnownFileType = sourcecode.swift; path = ABListModuleBoundaries.swift; sourceTree = "<group>"; };
		2CC7063C23BA6DC400921919 /* AppAssembly.swift */ = {isa = PBXFileReference; lastKnownFileType = sourcecode.swift; path = AppAssembly.swift; sourceTree = "<group>"; };
		2CC7064023BA6E0900921919 /* AppCoordinatorAssembly.swift */ = {isa = PBXFileReference; lastKnownFileType = sourcecode.swift; path = AppCoordinatorAssembly.swift; sourceTree = "<group>"; };
		2CC7064223BA6FAB00921919 /* ABListModuleViewController.swift */ = {isa = PBXFileReference; lastKnownFileType = sourcecode.swift; path = ABListModuleViewController.swift; sourceTree = "<group>"; };
		2CC7064723BA702500921919 /* ABListModuleView.swift */ = {isa = PBXFileReference; lastKnownFileType = sourcecode.swift; path = ABListModuleView.swift; sourceTree = "<group>"; };
		2CC7064923BA70C800921919 /* ABListModuleAssembly.swift */ = {isa = PBXFileReference; lastKnownFileType = sourcecode.swift; path = ABListModuleAssembly.swift; sourceTree = "<group>"; };
		2CC7064B23BA722800921919 /* LaunchScreen.storyboard */ = {isa = PBXFileReference; lastKnownFileType = file.storyboard; path = LaunchScreen.storyboard; sourceTree = "<group>"; };
		8513C128663A523EC661085B /* Pods_ISDKTest.framework */ = {isa = PBXFileReference; explicitFileType = wrapper.framework; includeInIndex = 0; path = Pods_ISDKTest.framework; sourceTree = BUILT_PRODUCTS_DIR; };
		B8C7E828D3809BEAE5F9D76C /* Pods-ISDKTest.release.xcconfig */ = {isa = PBXFileReference; includeInIndex = 1; lastKnownFileType = text.xcconfig; name = "Pods-ISDKTest.release.xcconfig"; path = "Target Support Files/Pods-ISDKTest/Pods-ISDKTest.release.xcconfig"; sourceTree = "<group>"; };
		FCE5C6DC4B220DCCBC4DB0C3 /* Pods-ISDKTest.debug.xcconfig */ = {isa = PBXFileReference; includeInIndex = 1; lastKnownFileType = text.xcconfig; name = "Pods-ISDKTest.debug.xcconfig"; path = "Target Support Files/Pods-ISDKTest/Pods-ISDKTest.debug.xcconfig"; sourceTree = "<group>"; };
/* End PBXFileReference section */

/* Begin PBXFrameworksBuildPhase section */
		2CB1D0EB23BA483B00755886 /* Frameworks */ = {
			isa = PBXFrameworksBuildPhase;
			buildActionMask = 2147483647;
			files = (
				C49EAD34E68BCC88722CC7B6 /* Pods_ISDKTest.framework in Frameworks */,
			);
			runOnlyForDeploymentPostprocessing = 0;
		};
		2CB1D10223BA483D00755886 /* Frameworks */ = {
			isa = PBXFrameworksBuildPhase;
			buildActionMask = 2147483647;
			files = (
			);
			runOnlyForDeploymentPostprocessing = 0;
		};
/* End PBXFrameworksBuildPhase section */

/* Begin PBXGroup section */
		2CB1D0E523BA483B00755886 = {
			isa = PBXGroup;
			children = (
				2CB1D0F023BA483B00755886 /* ISDKTest */,
				2CB1D10823BA483D00755886 /* ISDKTestTests */,
				2CB1D0EF23BA483B00755886 /* Products */,
				D74CFD890A6326D72E0B28FE /* Pods */,
				BDFA379F93D891C7ACF8290F /* Frameworks */,
			);
			sourceTree = "<group>";
		};
		2CB1D0EF23BA483B00755886 /* Products */ = {
			isa = PBXGroup;
			children = (
				2CB1D0EE23BA483B00755886 /* ISDKTest.app */,
				2CB1D10523BA483D00755886 /* ISDKTestTests.xctest */,
			);
			name = Products;
			sourceTree = "<group>";
		};
		2CB1D0F023BA483B00755886 /* ISDKTest */ = {
			isa = PBXGroup;
			children = (
				2CB1D11623BA496000755886 /* Classes */,
				2CB1D11523BA495E00755886 /* Resources */,
				2CB1D11423BA495A00755886 /* SupportFiles */,
			);
			path = ISDKTest;
			sourceTree = "<group>";
		};
		2CB1D10823BA483D00755886 /* ISDKTestTests */ = {
			isa = PBXGroup;
			children = (
				2CB1D10923BA483D00755886 /* ISDKTestTests.swift */,
				2CB1D10B23BA483D00755886 /* Info.plist */,
			);
			path = ISDKTestTests;
			sourceTree = "<group>";
		};
		2CB1D11423BA495A00755886 /* SupportFiles */ = {
			isa = PBXGroup;
			children = (
				2CB1D10023BA483D00755886 /* Info.plist */,
			);
			path = SupportFiles;
			sourceTree = "<group>";
		};
		2CB1D11523BA495E00755886 /* Resources */ = {
			isa = PBXGroup;
			children = (
				2CB1D0FB23BA483D00755886 /* Assets.xcassets */,
				2CB1D0F823BA483B00755886 /* ISDKTest.xcdatamodeld */,
				2CC7064B23BA722800921919 /* LaunchScreen.storyboard */,
			);
			path = Resources;
			sourceTree = "<group>";
		};
		2CB1D11623BA496000755886 /* Classes */ = {
			isa = PBXGroup;
			children = (
				2CC7060A23BA49F000921919 /* App */,
				2CC7060C23BA4DC100921919 /* Common */,
				2CC7061D23BA62FB00921919 /* Flows */,
				2CC7060D23BA4DCB00921919 /* Modules */,
			);
			path = Classes;
			sourceTree = "<group>";
		};
		2CC7060A23BA49F000921919 /* App */ = {
			isa = PBXGroup;
			children = (
				2CB1D0F123BA483B00755886 /* AppDelegate.swift */,
				2CC7060B23BA49FF00921919 /* DI */,
			);
			path = App;
			sourceTree = "<group>";
		};
		2CC7060B23BA49FF00921919 /* DI */ = {
			isa = PBXGroup;
			children = (
				2CC7063C23BA6DC400921919 /* AppAssembly.swift */,
				2CC7063E23BA6DE900921919 /* Flows */,
				2CC7063F23BA6DF000921919 /* Modules */,
			);
			path = DI;
			sourceTree = "<group>";
		};
		2CC7060C23BA4DC100921919 /* Common */ = {
			isa = PBXGroup;
			children = (
				2CC7060E23BA4FD100921919 /* Presentation */,
			);
			path = Common;
			sourceTree = "<group>";
		};
		2CC7060D23BA4DCB00921919 /* Modules */ = {
			isa = PBXGroup;
			children = (
				2CC7063523BA6AD000921919 /* ABList */,
			);
			path = Modules;
			sourceTree = "<group>";
		};
		2CC7060E23BA4FD100921919 /* Presentation */ = {
			isa = PBXGroup;
			children = (
				2CC7061A23BA5BA600921919 /* Module */,
				2CC7060F23BA4FE900921919 /* Coordinator */,
			);
			path = Presentation;
			sourceTree = "<group>";
		};
		2CC7060F23BA4FE900921919 /* Coordinator */ = {
			isa = PBXGroup;
			children = (
				2CC7061423BA504A00921919 /* Coordinator.swift */,
				2CC7061623BA507300921919 /* CoordinatorProtocol.swift */,
				2CC7061823BA509F00921919 /* Presentable.swift */,
				2CC7061023BA4FF800921919 /* Router.swift */,
				2CC7061223BA501A00921919 /* RouterProtocol.swift */,
			);
			path = Coordinator;
			sourceTree = "<group>";
		};
		2CC7061A23BA5BA600921919 /* Module */ = {
			isa = PBXGroup;
			children = (
				2CC7061B23BA5BB800921919 /* Module.swift */,
			);
			path = Module;
			sourceTree = "<group>";
		};
		2CC7061D23BA62FB00921919 /* Flows */ = {
			isa = PBXGroup;
			children = (
				2CC7062923BA676900921919 /* ABList */,
				2CC7061E23BA634200921919 /* App */,
			);
			path = Flows;
			sourceTree = "<group>";
		};
		2CC7061E23BA634200921919 /* App */ = {
			isa = PBXGroup;
			children = (
				2CC7062323BA669C00921919 /* Coordinator */,
				2CC7062623BA66C300921919 /* CoordinatorsFactory */,
			);
			path = App;
			sourceTree = "<group>";
		};
		2CC7062323BA669C00921919 /* Coordinator */ = {
			isa = PBXGroup;
			children = (
				2CC7061F23BA636700921919 /* AppCoordinator.swift */,
				2CC7062423BA66AB00921919 /* AppCoordinatorProtocol.swift */,
			);
			path = Coordinator;
			sourceTree = "<group>";
		};
		2CC7062623BA66C300921919 /* CoordinatorsFactory */ = {
			isa = PBXGroup;
			children = (
				2CC7062123BA644C00921919 /* AppCoordinatorsFactory.swift */,
				2CC7062723BA670500921919 /* AppCoordinatorsFactoryProtocol.swift */,
			);
			path = CoordinatorsFactory;
			sourceTree = "<group>";
		};
		2CC7062923BA676900921919 /* ABList */ = {
			isa = PBXGroup;
			children = (
				2CC7062A23BA677400921919 /* Coordinator */,
				2CC7062B23BA678000921919 /* CoordinatorsFactory */,
				2CC7062C23BA678500921919 /* ModulesFactory */,
			);
			path = ABList;
			sourceTree = "<group>";
		};
		2CC7062A23BA677400921919 /* Coordinator */ = {
			isa = PBXGroup;
			children = (
				2CC7063323BA683B00921919 /* ABListCoordinator.swift */,
				2CC7063123BA682E00921919 /* ABListCoordinatorProtocol.swift */,
			);
			path = Coordinator;
			sourceTree = "<group>";
		};
		2CC7062B23BA678000921919 /* CoordinatorsFactory */ = {
			isa = PBXGroup;
			children = (
				2C3DCB3D23C2131600B52607 /* ABListCoordinatorsFactory.swift */,
				2CC7062D23BA67A800921919 /* ABListCoordinatorsFactoryProtocol.swift */,
			);
			path = CoordinatorsFactory;
			sourceTree = "<group>";
		};
		2CC7062C23BA678500921919 /* ModulesFactory */ = {
			isa = PBXGroup;
			children = (
				2CC7063823BA6B8000921919 /* ABListModulesFactory.swift */,
				2CC7062F23BA67C500921919 /* ABListModulesFactoryProtocol.swift */,
			);
			path = ModulesFactory;
			sourceTree = "<group>";
		};
		2CC7063523BA6AD000921919 /* ABList */ = {
			isa = PBXGroup;
			children = (
				2CC7064423BA6FBE00921919 /* Module */,
				2CC7064523BA6FCA00921919 /* UI */,
				2CC7064623BA6FCF00921919 /* ViewModel */,
			);
			path = ABList;
			sourceTree = "<group>";
		};
		2CC7063E23BA6DE900921919 /* Flows */ = {
			isa = PBXGroup;
			children = (
				2C3DCB3B23C2119E00B52607 /* ABListCoordinatorAssembly.swift */,
				2CC7064023BA6E0900921919 /* AppCoordinatorAssembly.swift */,
			);
			path = Flows;
			sourceTree = "<group>";
		};
		2CC7063F23BA6DF000921919 /* Modules */ = {
			isa = PBXGroup;
			children = (
				2CC7064923BA70C800921919 /* ABListModuleAssembly.swift */,
			);
			path = Modules;
			sourceTree = "<group>";
		};
		2CC7064423BA6FBE00921919 /* Module */ = {
			isa = PBXGroup;
			children = (
				2CC7063623BA6ADE00921919 /* ABListModule.swift */,
				2CC7063A23BA6CC500921919 /* ABListModuleBoundaries.swift */,
			);
			path = Module;
			sourceTree = "<group>";
		};
		2CC7064523BA6FCA00921919 /* UI */ = {
			isa = PBXGroup;
			children = (
				2CC7064223BA6FAB00921919 /* ABListModuleViewController.swift */,
				2CC7064723BA702500921919 /* ABListModuleView.swift */,
			);
			path = UI;
			sourceTree = "<group>";
		};
		2CC7064623BA6FCF00921919 /* ViewModel */ = {
			isa = PBXGroup;
			children = (
				2C3DCB3F23C217FA00B52607 /* ABListModuleViewModel.swift */,
				2C3DCB4123C2180F00B52607 /* ABListModuleViewModelProtocol.swift */,
			);
			path = ViewModel;
			sourceTree = "<group>";
		};
		BDFA379F93D891C7ACF8290F /* Frameworks */ = {
			isa = PBXGroup;
			children = (
				8513C128663A523EC661085B /* Pods_ISDKTest.framework */,
			);
			name = Frameworks;
			sourceTree = "<group>";
		};
		D74CFD890A6326D72E0B28FE /* Pods */ = {
			isa = PBXGroup;
			children = (
				FCE5C6DC4B220DCCBC4DB0C3 /* Pods-ISDKTest.debug.xcconfig */,
				B8C7E828D3809BEAE5F9D76C /* Pods-ISDKTest.release.xcconfig */,
			);
			path = Pods;
			sourceTree = "<group>";
		};
/* End PBXGroup section */

/* Begin PBXNativeTarget section */
		2CB1D0ED23BA483B00755886 /* ISDKTest */ = {
			isa = PBXNativeTarget;
			buildConfigurationList = 2CB1D10E23BA483D00755886 /* Build configuration list for PBXNativeTarget "ISDKTest" */;
			buildPhases = (
				FF82AA826BB6C8C005DF8490 /* [CP] Check Pods Manifest.lock */,
				2CB1D0EA23BA483B00755886 /* Sources */,
				2CB1D0EB23BA483B00755886 /* Frameworks */,
				2CB1D0EC23BA483B00755886 /* Resources */,
				6FD0F295A7E46DB03079BA50 /* [CP] Embed Pods Frameworks */,
			);
			buildRules = (
			);
			dependencies = (
			);
			name = ISDKTest;
			productName = ISDKTest;
			productReference = 2CB1D0EE23BA483B00755886 /* ISDKTest.app */;
			productType = "com.apple.product-type.application";
		};
		2CB1D10423BA483D00755886 /* ISDKTestTests */ = {
			isa = PBXNativeTarget;
			buildConfigurationList = 2CB1D11123BA483D00755886 /* Build configuration list for PBXNativeTarget "ISDKTestTests" */;
			buildPhases = (
				2CB1D10123BA483D00755886 /* Sources */,
				2CB1D10223BA483D00755886 /* Frameworks */,
				2CB1D10323BA483D00755886 /* Resources */,
			);
			buildRules = (
			);
			dependencies = (
				2CB1D10723BA483D00755886 /* PBXTargetDependency */,
			);
			name = ISDKTestTests;
			productName = ISDKTestTests;
			productReference = 2CB1D10523BA483D00755886 /* ISDKTestTests.xctest */;
			productType = "com.apple.product-type.bundle.unit-test";
		};
/* End PBXNativeTarget section */

/* Begin PBXProject section */
		2CB1D0E623BA483B00755886 /* Project object */ = {
			isa = PBXProject;
			attributes = {
				LastSwiftUpdateCheck = 1020;
				LastUpgradeCheck = 1020;
				TargetAttributes = {
					2CB1D0ED23BA483B00755886 = {
						CreatedOnToolsVersion = 10.2;
					};
					2CB1D10423BA483D00755886 = {
						CreatedOnToolsVersion = 10.2;
						TestTargetID = 2CB1D0ED23BA483B00755886;
					};
				};
			};
			buildConfigurationList = 2CB1D0E923BA483B00755886 /* Build configuration list for PBXProject "ISDKTest" */;
			compatibilityVersion = "Xcode 9.3";
			developmentRegion = en;
			hasScannedForEncodings = 0;
			knownRegions = (
				en,
				Base,
			);
			mainGroup = 2CB1D0E523BA483B00755886;
			productRefGroup = 2CB1D0EF23BA483B00755886 /* Products */;
			projectDirPath = "";
			projectRoot = "";
			targets = (
				2CB1D0ED23BA483B00755886 /* ISDKTest */,
				2CB1D10423BA483D00755886 /* ISDKTestTests */,
			);
		};
/* End PBXProject section */

/* Begin PBXResourcesBuildPhase section */
		2CB1D0EC23BA483B00755886 /* Resources */ = {
			isa = PBXResourcesBuildPhase;
			buildActionMask = 2147483647;
			files = (
				2CC7064C23BA722800921919 /* LaunchScreen.storyboard in Resources */,
				2CB1D0FC23BA483D00755886 /* Assets.xcassets in Resources */,
			);
			runOnlyForDeploymentPostprocessing = 0;
		};
		2CB1D10323BA483D00755886 /* Resources */ = {
			isa = PBXResourcesBuildPhase;
			buildActionMask = 2147483647;
			files = (
			);
			runOnlyForDeploymentPostprocessing = 0;
		};
/* End PBXResourcesBuildPhase section */

/* Begin PBXShellScriptBuildPhase section */
		6FD0F295A7E46DB03079BA50 /* [CP] Embed Pods Frameworks */ = {
			isa = PBXShellScriptBuildPhase;
			buildActionMask = 2147483647;
			files = (
			);
			inputFileListPaths = (
				"${PODS_ROOT}/Target Support Files/Pods-ISDKTest/Pods-ISDKTest-frameworks-${CONFIGURATION}-input-files.xcfilelist",
			);
			name = "[CP] Embed Pods Frameworks";
			outputFileListPaths = (
				"${PODS_ROOT}/Target Support Files/Pods-ISDKTest/Pods-ISDKTest-frameworks-${CONFIGURATION}-output-files.xcfilelist",
			);
			runOnlyForDeploymentPostprocessing = 0;
			shellPath = /bin/sh;
			shellScript = "\"${PODS_ROOT}/Target Support Files/Pods-ISDKTest/Pods-ISDKTest-frameworks.sh\"\n";
			showEnvVarsInLog = 0;
		};
		FF82AA826BB6C8C005DF8490 /* [CP] Check Pods Manifest.lock */ = {
			isa = PBXShellScriptBuildPhase;
			buildActionMask = 2147483647;
			files = (
			);
			inputFileListPaths = (
			);
			inputPaths = (
				"${PODS_PODFILE_DIR_PATH}/Podfile.lock",
				"${PODS_ROOT}/Manifest.lock",
			);
			name = "[CP] Check Pods Manifest.lock";
			outputFileListPaths = (
			);
			outputPaths = (
				"$(DERIVED_FILE_DIR)/Pods-ISDKTest-checkManifestLockResult.txt",
			);
			runOnlyForDeploymentPostprocessing = 0;
			shellPath = /bin/sh;
			shellScript = "diff \"${PODS_PODFILE_DIR_PATH}/Podfile.lock\" \"${PODS_ROOT}/Manifest.lock\" > /dev/null\nif [ $? != 0 ] ; then\n    # print error to STDERR\n    echo \"error: The sandbox is not in sync with the Podfile.lock. Run 'pod install' or update your CocoaPods installation.\" >&2\n    exit 1\nfi\n# This output is used by Xcode 'outputs' to avoid re-running this script phase.\necho \"SUCCESS\" > \"${SCRIPT_OUTPUT_FILE_0}\"\n";
			showEnvVarsInLog = 0;
		};
/* End PBXShellScriptBuildPhase section */

/* Begin PBXSourcesBuildPhase section */
		2CB1D0EA23BA483B00755886 /* Sources */ = {
			isa = PBXSourcesBuildPhase;
			buildActionMask = 2147483647;
			files = (
				2CC7062523BA66AB00921919 /* AppCoordinatorProtocol.swift in Sources */,
				2CC7062E23BA67A800921919 /* ABListCoordinatorsFactoryProtocol.swift in Sources */,
				2C3DCB3E23C2131600B52607 /* ABListCoordinatorsFactory.swift in Sources */,
				2CC7064A23BA70C800921919 /* ABListModuleAssembly.swift in Sources */,
				2C3DCB4023C217FA00B52607 /* ABListModuleViewModel.swift in Sources */,
				2CC7062823BA670500921919 /* AppCoordinatorsFactoryProtocol.swift in Sources */,
				2CC7063923BA6B8000921919 /* ABListModulesFactory.swift in Sources */,
				2CB1D0FA23BA483B00755886 /* ISDKTest.xcdatamodeld in Sources */,
				2CC7061123BA4FF800921919 /* Router.swift in Sources */,
				2CC7064823BA702500921919 /* ABListModuleView.swift in Sources */,
				2C3DCB3C23C2119E00B52607 /* ABListCoordinatorAssembly.swift in Sources */,
				2CC7064323BA6FAB00921919 /* ABListModuleViewController.swift in Sources */,
				2CC7063423BA683B00921919 /* ABListCoordinator.swift in Sources */,
				2C3DCB4223C2180F00B52607 /* ABListModuleViewModelProtocol.swift in Sources */,
				2CC7063723BA6ADE00921919 /* ABListModule.swift in Sources */,
				2CC7061723BA507300921919 /* CoordinatorProtocol.swift in Sources */,
				2CC7063B23BA6CC500921919 /* ABListModuleBoundaries.swift in Sources */,
				2CC7061523BA504A00921919 /* Coordinator.swift in Sources */,
				2CC7061323BA501A00921919 /* RouterProtocol.swift in Sources */,
				2CC7062223BA644C00921919 /* AppCoordinatorsFactory.swift in Sources */,
				2CC7061C23BA5BB800921919 /* Module.swift in Sources */,
				2CC7062023BA636700921919 /* AppCoordinator.swift in Sources */,
				2CB1D0F223BA483B00755886 /* AppDelegate.swift in Sources */,
				2CC7064123BA6E0900921919 /* AppCoordinatorAssembly.swift in Sources */,
				2CC7061923BA509F00921919 /* Presentable.swift in Sources */,
				2CC7063D23BA6DC400921919 /* AppAssembly.swift in Sources */,
				2CC7063223BA682E00921919 /* ABListCoordinatorProtocol.swift in Sources */,
				2CC7063023BA67C500921919 /* ABListModulesFactoryProtocol.swift in Sources */,
			);
			runOnlyForDeploymentPostprocessing = 0;
		};
		2CB1D10123BA483D00755886 /* Sources */ = {
			isa = PBXSourcesBuildPhase;
			buildActionMask = 2147483647;
			files = (
				2CB1D10A23BA483D00755886 /* ISDKTestTests.swift in Sources */,
			);
			runOnlyForDeploymentPostprocessing = 0;
		};
/* End PBXSourcesBuildPhase section */

/* Begin PBXTargetDependency section */
		2CB1D10723BA483D00755886 /* PBXTargetDependency */ = {
			isa = PBXTargetDependency;
			target = 2CB1D0ED23BA483B00755886 /* ISDKTest */;
			targetProxy = 2CB1D10623BA483D00755886 /* PBXContainerItemProxy */;
		};
/* End PBXTargetDependency section */

/* Begin XCBuildConfiguration section */
		2CB1D10C23BA483D00755886 /* Debug */ = {
			isa = XCBuildConfiguration;
			buildSettings = {
				ALWAYS_SEARCH_USER_PATHS = NO;
				CLANG_ANALYZER_NONNULL = YES;
				CLANG_ANALYZER_NUMBER_OBJECT_CONVERSION = YES_AGGRESSIVE;
				CLANG_CXX_LANGUAGE_STANDARD = "gnu++14";
				CLANG_CXX_LIBRARY = "libc++";
				CLANG_ENABLE_MODULES = YES;
				CLANG_ENABLE_OBJC_ARC = YES;
				CLANG_ENABLE_OBJC_WEAK = YES;
				CLANG_WARN_BLOCK_CAPTURE_AUTORELEASING = YES;
				CLANG_WARN_BOOL_CONVERSION = YES;
				CLANG_WARN_COMMA = YES;
				CLANG_WARN_CONSTANT_CONVERSION = YES;
				CLANG_WARN_DEPRECATED_OBJC_IMPLEMENTATIONS = YES;
				CLANG_WARN_DIRECT_OBJC_ISA_USAGE = YES_ERROR;
				CLANG_WARN_DOCUMENTATION_COMMENTS = YES;
				CLANG_WARN_EMPTY_BODY = YES;
				CLANG_WARN_ENUM_CONVERSION = YES;
				CLANG_WARN_INFINITE_RECURSION = YES;
				CLANG_WARN_INT_CONVERSION = YES;
				CLANG_WARN_NON_LITERAL_NULL_CONVERSION = YES;
				CLANG_WARN_OBJC_IMPLICIT_RETAIN_SELF = YES;
				CLANG_WARN_OBJC_LITERAL_CONVERSION = YES;
				CLANG_WARN_OBJC_ROOT_CLASS = YES_ERROR;
				CLANG_WARN_RANGE_LOOP_ANALYSIS = YES;
				CLANG_WARN_STRICT_PROTOTYPES = YES;
				CLANG_WARN_SUSPICIOUS_MOVE = YES;
				CLANG_WARN_UNGUARDED_AVAILABILITY = YES_AGGRESSIVE;
				CLANG_WARN_UNREACHABLE_CODE = YES;
				CLANG_WARN__DUPLICATE_METHOD_MATCH = YES;
				CODE_SIGN_IDENTITY = "iPhone Developer";
				COPY_PHASE_STRIP = NO;
				DEBUG_INFORMATION_FORMAT = dwarf;
				ENABLE_STRICT_OBJC_MSGSEND = YES;
				ENABLE_TESTABILITY = YES;
				GCC_C_LANGUAGE_STANDARD = gnu11;
				GCC_DYNAMIC_NO_PIC = NO;
				GCC_NO_COMMON_BLOCKS = YES;
				GCC_OPTIMIZATION_LEVEL = 0;
				GCC_PREPROCESSOR_DEFINITIONS = (
					"DEBUG=1",
					"$(inherited)",
				);
				GCC_WARN_64_TO_32_BIT_CONVERSION = YES;
				GCC_WARN_ABOUT_RETURN_TYPE = YES_ERROR;
				GCC_WARN_UNDECLARED_SELECTOR = YES;
				GCC_WARN_UNINITIALIZED_AUTOS = YES_AGGRESSIVE;
				GCC_WARN_UNUSED_FUNCTION = YES;
				GCC_WARN_UNUSED_VARIABLE = YES;
				IPHONEOS_DEPLOYMENT_TARGET = 9.0;
				MTL_ENABLE_DEBUG_INFO = INCLUDE_SOURCE;
				MTL_FAST_MATH = YES;
				ONLY_ACTIVE_ARCH = YES;
				SDKROOT = iphoneos;
				SWIFT_ACTIVE_COMPILATION_CONDITIONS = DEBUG;
				SWIFT_OPTIMIZATION_LEVEL = "-Onone";
			};
			name = Debug;
		};
		2CB1D10D23BA483D00755886 /* Release */ = {
			isa = XCBuildConfiguration;
			buildSettings = {
				ALWAYS_SEARCH_USER_PATHS = NO;
				CLANG_ANALYZER_NONNULL = YES;
				CLANG_ANALYZER_NUMBER_OBJECT_CONVERSION = YES_AGGRESSIVE;
				CLANG_CXX_LANGUAGE_STANDARD = "gnu++14";
				CLANG_CXX_LIBRARY = "libc++";
				CLANG_ENABLE_MODULES = YES;
				CLANG_ENABLE_OBJC_ARC = YES;
				CLANG_ENABLE_OBJC_WEAK = YES;
				CLANG_WARN_BLOCK_CAPTURE_AUTORELEASING = YES;
				CLANG_WARN_BOOL_CONVERSION = YES;
				CLANG_WARN_COMMA = YES;
				CLANG_WARN_CONSTANT_CONVERSION = YES;
				CLANG_WARN_DEPRECATED_OBJC_IMPLEMENTATIONS = YES;
				CLANG_WARN_DIRECT_OBJC_ISA_USAGE = YES_ERROR;
				CLANG_WARN_DOCUMENTATION_COMMENTS = YES;
				CLANG_WARN_EMPTY_BODY = YES;
				CLANG_WARN_ENUM_CONVERSION = YES;
				CLANG_WARN_INFINITE_RECURSION = YES;
				CLANG_WARN_INT_CONVERSION = YES;
				CLANG_WARN_NON_LITERAL_NULL_CONVERSION = YES;
				CLANG_WARN_OBJC_IMPLICIT_RETAIN_SELF = YES;
				CLANG_WARN_OBJC_LITERAL_CONVERSION = YES;
				CLANG_WARN_OBJC_ROOT_CLASS = YES_ERROR;
				CLANG_WARN_RANGE_LOOP_ANALYSIS = YES;
				CLANG_WARN_STRICT_PROTOTYPES = YES;
				CLANG_WARN_SUSPICIOUS_MOVE = YES;
				CLANG_WARN_UNGUARDED_AVAILABILITY = YES_AGGRESSIVE;
				CLANG_WARN_UNREACHABLE_CODE = YES;
				CLANG_WARN__DUPLICATE_METHOD_MATCH = YES;
				CODE_SIGN_IDENTITY = "iPhone Developer";
				COPY_PHASE_STRIP = NO;
				DEBUG_INFORMATION_FORMAT = "dwarf-with-dsym";
				ENABLE_NS_ASSERTIONS = NO;
				ENABLE_STRICT_OBJC_MSGSEND = YES;
				GCC_C_LANGUAGE_STANDARD = gnu11;
				GCC_NO_COMMON_BLOCKS = YES;
				GCC_WARN_64_TO_32_BIT_CONVERSION = YES;
				GCC_WARN_ABOUT_RETURN_TYPE = YES_ERROR;
				GCC_WARN_UNDECLARED_SELECTOR = YES;
				GCC_WARN_UNINITIALIZED_AUTOS = YES_AGGRESSIVE;
				GCC_WARN_UNUSED_FUNCTION = YES;
				GCC_WARN_UNUSED_VARIABLE = YES;
				IPHONEOS_DEPLOYMENT_TARGET = 9.0;
				MTL_ENABLE_DEBUG_INFO = NO;
				MTL_FAST_MATH = YES;
				SDKROOT = iphoneos;
				SWIFT_COMPILATION_MODE = wholemodule;
				SWIFT_OPTIMIZATION_LEVEL = "-O";
				VALIDATE_PRODUCT = YES;
			};
			name = Release;
		};
		2CB1D10F23BA483D00755886 /* Debug */ = {
			isa = XCBuildConfiguration;
			baseConfigurationReference = FCE5C6DC4B220DCCBC4DB0C3 /* Pods-ISDKTest.debug.xcconfig */;
			buildSettings = {
				ASSETCATALOG_COMPILER_APPICON_NAME = AppIcon;
				CODE_SIGN_STYLE = Automatic;
				DEVELOPMENT_TEAM = FJAQ3Z7K75;
				INFOPLIST_FILE = "$(SRCROOT)/ISDKTest/SupportFiles/Info.plist";
				IPHONEOS_DEPLOYMENT_TARGET = 9.0;
				LD_RUNPATH_SEARCH_PATHS = (
					"$(inherited)",
					"@executable_path/Frameworks",
				);
				PRODUCT_BUNDLE_IDENTIFIER = ru.vanmas2.ISDKTest;
				PRODUCT_NAME = "$(TARGET_NAME)";
				SWIFT_VERSION = 5.0;
				TARGETED_DEVICE_FAMILY = "1,2";
			};
			name = Debug;
		};
		2CB1D11023BA483D00755886 /* Release */ = {
			isa = XCBuildConfiguration;
			baseConfigurationReference = B8C7E828D3809BEAE5F9D76C /* Pods-ISDKTest.release.xcconfig */;
			buildSettings = {
				ASSETCATALOG_COMPILER_APPICON_NAME = AppIcon;
				CODE_SIGN_STYLE = Automatic;
				DEVELOPMENT_TEAM = FJAQ3Z7K75;
				INFOPLIST_FILE = "$(SRCROOT)/ISDKTest/SupportFiles/Info.plist";
				IPHONEOS_DEPLOYMENT_TARGET = 9.0;
				LD_RUNPATH_SEARCH_PATHS = (
					"$(inherited)",
					"@executable_path/Frameworks",
				);
				PRODUCT_BUNDLE_IDENTIFIER = ru.vanmas2.ISDKTest;
				PRODUCT_NAME = "$(TARGET_NAME)";
				SWIFT_VERSION = 5.0;
				TARGETED_DEVICE_FAMILY = "1,2";
			};
			name = Release;
		};
		2CB1D11223BA483D00755886 /* Debug */ = {
			isa = XCBuildConfiguration;
			buildSettings = {
				ALWAYS_EMBED_SWIFT_STANDARD_LIBRARIES = YES;
				BUNDLE_LOADER = "$(TEST_HOST)";
				CODE_SIGN_STYLE = Automatic;
				DEVELOPMENT_TEAM = FJAQ3Z7K75;
				INFOPLIST_FILE = ISDKTestTests/Info.plist;
				LD_RUNPATH_SEARCH_PATHS = (
					"$(inherited)",
					"@executable_path/Frameworks",
					"@loader_path/Frameworks",
				);
				PRODUCT_BUNDLE_IDENTIFIER = ru.vanmas2.ISDKTestTests;
				PRODUCT_NAME = "$(TARGET_NAME)";
				SWIFT_VERSION = 5.0;
				TARGETED_DEVICE_FAMILY = "1,2";
				TEST_HOST = "$(BUILT_PRODUCTS_DIR)/ISDKTest.app/ISDKTest";
			};
			name = Debug;
		};
		2CB1D11323BA483D00755886 /* Release */ = {
			isa = XCBuildConfiguration;
			buildSettings = {
				ALWAYS_EMBED_SWIFT_STANDARD_LIBRARIES = YES;
				BUNDLE_LOADER = "$(TEST_HOST)";
				CODE_SIGN_STYLE = Automatic;
				DEVELOPMENT_TEAM = FJAQ3Z7K75;
				INFOPLIST_FILE = ISDKTestTests/Info.plist;
				LD_RUNPATH_SEARCH_PATHS = (
					"$(inherited)",
					"@executable_path/Frameworks",
					"@loader_path/Frameworks",
				);
				PRODUCT_BUNDLE_IDENTIFIER = ru.vanmas2.ISDKTestTests;
				PRODUCT_NAME = "$(TARGET_NAME)";
				SWIFT_VERSION = 5.0;
				TARGETED_DEVICE_FAMILY = "1,2";
				TEST_HOST = "$(BUILT_PRODUCTS_DIR)/ISDKTest.app/ISDKTest";
			};
			name = Release;
		};
/* End XCBuildConfiguration section */

/* Begin XCConfigurationList section */
		2CB1D0E923BA483B00755886 /* Build configuration list for PBXProject "ISDKTest" */ = {
			isa = XCConfigurationList;
			buildConfigurations = (
				2CB1D10C23BA483D00755886 /* Debug */,
				2CB1D10D23BA483D00755886 /* Release */,
			);
			defaultConfigurationIsVisible = 0;
			defaultConfigurationName = Release;
		};
		2CB1D10E23BA483D00755886 /* Build configuration list for PBXNativeTarget "ISDKTest" */ = {
			isa = XCConfigurationList;
			buildConfigurations = (
				2CB1D10F23BA483D00755886 /* Debug */,
				2CB1D11023BA483D00755886 /* Release */,
			);
			defaultConfigurationIsVisible = 0;
			defaultConfigurationName = Release;
		};
		2CB1D11123BA483D00755886 /* Build configuration list for PBXNativeTarget "ISDKTestTests" */ = {
			isa = XCConfigurationList;
			buildConfigurations = (
				2CB1D11223BA483D00755886 /* Debug */,
				2CB1D11323BA483D00755886 /* Release */,
			);
			defaultConfigurationIsVisible = 0;
			defaultConfigurationName = Release;
		};
/* End XCConfigurationList section */

/* Begin XCVersionGroup section */
		2CB1D0F823BA483B00755886 /* ISDKTest.xcdatamodeld */ = {
			isa = XCVersionGroup;
			children = (
				2CB1D0F923BA483B00755886 /* ISDKTest.xcdatamodel */,
			);
			currentVersion = 2CB1D0F923BA483B00755886 /* ISDKTest.xcdatamodel */;
			path = ISDKTest.xcdatamodeld;
			sourceTree = "<group>";
			versionGroupType = wrapper.xcdatamodel;
		};
/* End XCVersionGroup section */
	};
	rootObject = 2CB1D0E623BA483B00755886 /* Project object */;
}
